
Microsoft Visual Studio Solution File, Format Version 12.00
# Visual Studio 15
VisualStudioVersion = 15.0.27428.2037
MinimumVisualStudioVersion = 10.0.40219.1
Project("{FAE04EC0-301F-11D3-BF4B-00C04F79EFBC}") = "SBO", "SBO\SBO.csproj", "{A5644C04-0D25-4D66-BA6B-8B42189A7361}"
EndProject
Project("{FAE04EC0-301F-11D3-BF4B-00C04F79EFBC}") = "SmartBulkOperations", "SmartBulkOperations\SmartBulkOperations.csproj", "{7383591F-8ADC-476B-A6B1-A43410EDCC15}"
EndProject
Global
	GlobalSection(SolutionConfigurationPlatforms) = preSolution
		Debug|Any CPU = Debug|Any CPU
		Release|Any CPU = Release|Any CPU
	EndGlobalSection
	GlobalSection(ProjectConfigurationPlatforms) = postSolution
		{A5644C04-0D25-4D66-BA6B-8B42189A7361}.Debug|Any CPU.ActiveCfg = Debug|Any CPU
		{A5644C04-0D25-4D66-BA6B-8B42189A7361}.Debug|Any CPU.Build.0 = Debug|Any CPU
		{A5644C04-0D25-4D66-BA6B-8B42189A7361}.Release|Any CPU.ActiveCfg = Release|Any CPU
		{A5644C04-0D25-4D66-BA6B-8B42189A7361}.Release|Any CPU.Build.0 = Release|Any CPU
		{7383591F-8ADC-476B-A6B1-A43410EDCC15}.Debug|Any CPU.ActiveCfg = Debug|Any CPU
		{7383591F-8ADC-476B-A6B1-A43410EDCC15}.Debug|Any CPU.Build.0 = Debug|Any CPU
		{7383591F-8ADC-476B-A6B1-A43410EDCC15}.Release|Any CPU.ActiveCfg = Release|Any CPU
		{7383591F-8ADC-476B-A6B1-A43410EDCC15}.Release|Any CPU.Build.0 = Release|Any CPU
	EndGlobalSection
	GlobalSection(SolutionProperties) = preSolution
		HideSolutionNode = FALSE
	EndGlobalSection
	GlobalSection(ExtensibilityGlobals) = postSolution
		SolutionGuid = {8A850871-3E45-4D15-857C-7CC772D65281}
	EndGlobalSection
EndGlobal
